# This file is autogenerated, do not edit; changes may be undone by the next 'dep ensure'.


[[projects]]
  name = "github.com/go-redis/redis"
  packages = [".","internal","internal/consistenthash","internal/hashtag","internal/pool","internal/proto"]
  revision = "74d5147d860804ea34633071d0c91a7f4b0b5c3a"
  version = "v6.6.0"

[[projects]]
  name = "github.com/google/gopacket"
  packages = [".","layers","pcap","tcpassembly","tcpassembly/tcpreader"]
  revision = "7d9ba85c47bb41298fed10f5769f793741de187f"
  version = "v1.1.13"

[[projects]]
  name = "github.com/mattn/go-runewidth"
  packages = ["."]
  revision = "9e777a8366cce605130a531d2cd6363d07ad7317"
  version = "v0.0.2"

[[projects]]
  branch = "master"
  name = "github.com/nsf/termbox-go"
  packages = ["."]
  revision = "4ed959e0540971545eddb8c75514973d670cf739"

[[projects]]
  name = "github.com/spf13/pflag"
  packages = ["."]
  revision = "e57e3eeb33f795204c1ca35f56c44f83227c6e66"
  version = "v1.0.0"

[solve-meta]
  analyzer-name = "dep"
  analyzer-version = 1
  inputs-digest = "8d699e1eb0f1b59ae82bf92c1eede888266af00e2d9003712775e10ce7dac0bd"
  solver-name = "gps-cdcl"
  solver-version = 1
